// !$*UTF8*$!
{
	archiveVersion = 1;
	classes = {
	};
	objectVersion = 48;
	objects = {

/* Begin PBXBuildFile section */
		8A4FA29A2038B7AB0022B4BE /* AppDelegate.swift in Sources */ = {isa = PBXBuildFile; fileRef = 8A4FA2992038B7AB0022B4BE /* AppDelegate.swift */; };
		8A4FA29C2038B7AB0022B4BE /* ViewController.swift in Sources */ = {isa = PBXBuildFile; fileRef = 8A4FA29B2038B7AB0022B4BE /* ViewController.swift */; };
		8A4FA29F2038B7AB0022B4BE /* Main.storyboard in Resources */ = {isa = PBXBuildFile; fileRef = 8A4FA29D2038B7AB0022B4BE /* Main.storyboard */; };
		8A4FA2A12038B7AB0022B4BE /* Assets.xcassets in Resources */ = {isa = PBXBuildFile; fileRef = 8A4FA2A02038B7AB0022B4BE /* Assets.xcassets */; };
		8A4FA2A42038B7AB0022B4BE /* LaunchScreen.storyboard in Resources */ = {isa = PBXBuildFile; fileRef = 8A4FA2A22038B7AB0022B4BE /* LaunchScreen.storyboard */; };
		8A4FA2AD2038C20E0022B4BE /* BorderButton.swift in Sources */ = {isa = PBXBuildFile; fileRef = 8A4FA2AC2038C20E0022B4BE /* BorderButton.swift */; };
/* End PBXBuildFile section */

/* Begin PBXFileReference section */
		8A4FA2962038B7AB0022B4BE /* AppSwoosh.app */ = {isa = PBXFileReference; explicitFileType = wrapper.application; includeInIndex = 0; path = AppSwoosh.app; sourceTree = BUILT_PRODUCTS_DIR; };
		8A4FA2992038B7AB0022B4BE /* AppDelegate.swift */ = {isa = PBXFileReference; lastKnownFileType = sourcecode.swift; path = AppDelegate.swift; sourceTree = "<group>"; };
		8A4FA29B2038B7AB0022B4BE /* ViewController.swift */ = {isa = PBXFileReference; lastKnownFileType = sourcecode.swift; path = ViewController.swift; sourceTree = "<group>"; };
		8A4FA29E2038B7AB0022B4BE /* Base */ = {isa = PBXFileReference; lastKnownFileType = file.storyboard; name = Base; path = Base.lproj/Main.storyboard; sourceTree = "<group>"; };
		8A4FA2A02038B7AB0022B4BE /* Assets.xcassets */ = {isa = PBXFileReference; lastKnownFileType = folder.assetcatalog; path = Assets.xcassets; sourceTree = "<group>"; };
		8A4FA2A32038B7AB0022B4BE /* Base */ = {isa = PBXFileReference; lastKnownFileType = file.storyboard; name = Base; path = Base.lproj/LaunchScreen.storyboard; sourceTree = "<group>"; };
		8A4FA2A52038B7AB0022B4BE /* Info.plist */ = {isa = PBXFileReference; lastKnownFileType = text.plist.xml; path = Info.plist; sourceTree = "<group>"; };
		8A4FA2AC2038C20E0022B4BE /* BorderButton.swift */ = {isa = PBXFileReference; lastKnownFileType = sourcecode.swift; path = BorderButton.swift; sourceTree = "<group>"; };
/* End PBXFileReference section */

/* Begin PBXFrameworksBuildPhase section */
		8A4FA2932038B7AB0022B4BE /* Frameworks */ = {
			isa = PBXFrameworksBuildPhase;
			buildActionMask = 2147483647;
			files = (
			);
			runOnlyForDeploymentPostprocessing = 0;
		};
/* End PBXFrameworksBuildPhase section */

/* Begin PBXGroup section */
		8A4FA28D2038B7AB0022B4BE = {
			isa = PBXGroup;
			children = (
				8A4FA2982038B7AB0022B4BE /* AppSwoosh */,
				8A4FA2972038B7AB0022B4BE /* Products */,
			);
			sourceTree = "<group>";
		};
		8A4FA2972038B7AB0022B4BE /* Products */ = {
			isa = PBXGroup;
			children = (
				8A4FA2962038B7AB0022B4BE /* AppSwoosh.app */,
			);
			name = Products;
			sourceTree = "<group>";
		};
		8A4FA2982038B7AB0022B4BE /* AppSwoosh */ = {
			isa = PBXGroup;
			children = (
				8A4FA2AB2038C1BE0022B4BE /* Views */,
				8A4FA29B2038B7AB0022B4BE /* ViewController.swift */,
				8A4FA2992038B7AB0022B4BE /* AppDelegate.swift */,
				8A4FA29D2038B7AB0022B4BE /* Main.storyboard */,
				8A4FA2A02038B7AB0022B4BE /* Assets.xcassets */,
				8A4FA2A22038B7AB0022B4BE /* LaunchScreen.storyboard */,
				8A4FA2A52038B7AB0022B4BE /* Info.plist */,
			);
			path = AppSwoosh;
			sourceTree = "<group>";
		};
		8A4FA2AB2038C1BE0022B4BE /* Views */ = {
			isa = PBXGroup;
			children = (
				8A4FA2AC2038C20E0022B4BE /* BorderButton.swift */,
			);
			path = Views;
			sourceTree = "<group>";
		};
/* End PBXGroup section */

/* Begin PBXNativeTarget section */
		8A4FA2952038B7AB0022B4BE /* AppSwoosh */ = {
			isa = PBXNativeTarget;
			buildConfigurationList = 8A4FA2A82038B7AB0022B4BE /* Build configuration list for PBXNativeTarget "AppSwoosh" */;
			buildPhases = (
				8A4FA2922038B7AB0022B4BE /* Sources */,
				8A4FA2932038B7AB0022B4BE /* Frameworks */,
				8A4FA2942038B7AB0022B4BE /* Resources */,
			);
			buildRules = (
			);
			dependencies = (
			);
			name = AppSwoosh;
			productName = AppSwoosh;
			productReference = 8A4FA2962038B7AB0022B4BE /* AppSwoosh.app */;
			productType = "com.apple.product-type.application";
		};
/* End PBXNativeTarget section */

/* Begin PBXProject section */
		8A4FA28E2038B7AB0022B4BE /* Project object */ = {
			isa = PBXProject;
			attributes = {
				LastSwiftUpdateCheck = 0920;
				LastUpgradeCheck = 0920;
				ORGANIZATIONNAME = "Andrew Tuzson";
				TargetAttributes = {
					8A4FA2952038B7AB0022B4BE = {
						CreatedOnToolsVersion = 9.2;
						ProvisioningStyle = Automatic;
					};
				};
			};
			buildConfigurationList = 8A4FA2912038B7AB0022B4BE /* Build configuration list for PBXProject "AppSwoosh" */;
			compatibilityVersion = "Xcode 8.0";
			developmentRegion = en;
			hasScannedForEncodings = 0;
			knownRegions = (
				en,
				Base,
			);
			mainGroup = 8A4FA28D2038B7AB0022B4BE;
			productRefGroup = 8A4FA2972038B7AB0022B4BE /* Products */;
			projectDirPath = "";
			projectRoot = "";
			targets = (
				8A4FA2952038B7AB0022B4BE /* AppSwoosh */,
			);
		};
/* End PBXProject section */

/* Begin PBXResourcesBuildPhase section */
		8A4FA2942038B7AB0022B4BE /* Resources */ = {
			isa = PBXResourcesBuildPhase;
			buildActionMask = 2147483647;
			files = (
				8A4FA2A42038B7AB0022B4BE /* LaunchScreen.storyboard in Resources */,
				8A4FA2A12038B7AB0022B4BE /* Assets.xcassets in Resources */,
				8A4FA29F2038B7AB0022B4BE /* Main.storyboard in Resources */,
			);
			runOnlyForDeploymentPostprocessing = 0;
		};
/* End PBXResourcesBuildPhase section */

/* Begin PBXSourcesBuildPhase section */
		8A4FA2922038B7AB0022B4BE /* Sources */ = {
			isa = PBXSourcesBuildPhase;
			buildActionMask = 2147483647;
			files = (
				8A4FA29C2038B7AB0022B4BE /* ViewController.swift in Sources */,
				8A4FA29A2038B7AB0022B4BE /* AppDelegate.swift in Sources */,
				8A4FA2AD2038C20E0022B4BE /* BorderButton.swift in Sources */,
			);
			runOnlyForDeploymentPostprocessing = 0;
		};
/* End PBXSourcesBuildPhase section */

/* Begin PBXVariantGroup section */
		8A4FA29D2038B7AB0022B4BE /* Main.storyboard */ = {
			isa = PBXVariantGroup;
			children = (
				8A4FA29E2038B7AB0022B4BE /* Base */,
			);
			name = Main.storyboard;
			sourceTree = "<group>";
		};
		8A4FA2A22038B7AB0022B4BE /* LaunchScreen.storyboard */ = {
			isa = PBXVariantGroup;
			children = (
				8A4FA2A32038B7AB0022B4BE /* Base */,
			);
			name = LaunchScreen.storyboard;
			sourceTree = "<group>";
		};
/* End PBXVariantGroup section */

/* Begin XCBuildConfiguration section */
		8A4FA2A62038B7AB0022B4BE /* Debug */ = {
			isa = XCBuildConfiguration;
			buildSettings = {
				ALWAYS_SEARCH_USER_PATHS = NO;
				CLANG_ANALYZER_NONNULL = YES;
				CLANG_ANALYZER_NUMBER_OBJECT_CONVERSION = YES_AGGRESSIVE;
				CLANG_CXX_LANGUAGE_STANDARD = "gnu++14";
				CLANG_CXX_LIBRARY = "libc++";
				CLANG_ENABLE_MODULES = YES;
				CLANG_ENABLE_OBJC_ARC = YES;
				CLANG_WARN_BLOCK_CAPTURE_AUTORELEASING = YES;
				CLANG_WARN_BOOL_CONVERSION = YES;
				CLANG_WARN_COMMA = YES;
				CLANG_WARN_CONSTANT_CONVERSION = YES;
				CLANG_WARN_DIRECT_OBJC_ISA_USAGE = YES_ERROR;
				CLANG_WARN_DOCUMENTATION_COMMENTS = YES;
				CLANG_WARN_EMPTY_BODY = YES;
				CLANG_WARN_ENUM_CONVERSION = YES;
				CLANG_WARN_INFINITE_RECURSION = YES;
				CLANG_WARN_INT_CONVERSION = YES;
				CLANG_WARN_NON_LITERAL_NULL_CONVERSION = YES;
				CLANG_WARN_OBJC_LITERAL_CONVERSION = YES;
				CLANG_WARN_OBJC_ROOT_CLASS = YES_ERROR;
				CLANG_WARN_RANGE_LOOP_ANALYSIS = YES;
				CLANG_WARN_STRICT_PROTOTYPES = YES;
				CLANG_WARN_SUSPICIOUS_MOVE = YES;
				CLANG_WARN_UNGUARDED_AVAILABILITY = YES_AGGRESSIVE;
				CLANG_WARN_UNREACHABLE_CODE = YES;
				CLANG_WARN__DUPLICATE_METHOD_MATCH = YES;
				CODE_SIGN_IDENTITY = "iPhone Developer";
				COPY_PHASE_STRIP = NO;
				DEBUG_INFORMATION_FORMAT = dwarf;
				ENABLE_STRICT_OBJC_MSGSEND = YES;
				ENABLE_TESTABILITY = YES;
				GCC_C_LANGUAGE_STANDARD = gnu11;
				GCC_DYNAMIC_NO_PIC = NO;
				GCC_NO_COMMON_BLOCKS = YES;
				GCC_OPTIMIZATION_LEVEL = 0;
				GCC_PREPROCESSOR_DEFINITIONS = (
					"DEBUG=1",
					"$(inherited)",
				);
				GCC_WARN_64_TO_32_BIT_CONVERSION = YES;
				GCC_WARN_ABOUT_RETURN_TYPE = YES_ERROR;
				GCC_WARN_UNDECLARED_SELECTOR = YES;
				GCC_WARN_UNINITIALIZED_AUTOS = YES_AGGRESSIVE;
				GCC_WARN_UNUSED_FUNCTION = YES;
				GCC_WARN_UNUSED_VARIABLE = YES;
				IPHONEOS_DEPLOYMENT_TARGET = 11.2;
				MTL_ENABLE_DEBUG_INFO = YES;
				ONLY_ACTIVE_ARCH = YES;
				SDKROOT = iphoneos;
				SWIFT_ACTIVE_COMPILATION_CONDITIONS = DEBUG;
				SWIFT_OPTIMIZATION_LEVEL = "-Onone";
			};
			name = Debug;
		};
		8A4FA2A72038B7AB0022B4BE /* Release */ = {
			isa = XCBuildConfiguration;
			buildSettings = {
				ALWAYS_SEARCH_USER_PATHS = NO;
				CLANG_ANALYZER_NONNULL = YES;
				CLANG_ANALYZER_NUMBER_OBJECT_CONVERSION = YES_AGGRESSIVE;
				CLANG_CXX_LANGUAGE_STANDARD = "gnu++14";
				CLANG_CXX_LIBRARY = "libc++";
				CLANG_ENABLE_MODULES = YES;
				CLANG_ENABLE_OBJC_ARC = YES;
				CLANG_WARN_BLOCK_CAPTURE_AUTORELEASING = YES;
				CLANG_WARN_BOOL_CONVERSION = YES;
				CLANG_WARN_COMMA = YES;
				CLANG_WARN_CONSTANT_CONVERSION = YES;
				CLANG_WARN_DIRECT_OBJC_ISA_USAGE = YES_ERROR;
				CLANG_WARN_DOCUMENTATION_COMMENTS = YES;
				CLANG_WARN_EMPTY_BODY = YES;
				CLANG_WARN_ENUM_CONVERSION = YES;
				CLANG_WARN_INFINITE_RECURSION = YES;
				CLANG_WARN_INT_CONVERSION = YES;
				CLANG_WARN_NON_LITERAL_NULL_CONVERSION = YES;
				CLANG_WARN_OBJC_LITERAL_CONVERSION = YES;
				CLANG_WARN_OBJC_ROOT_CLASS = YES_ERROR;
				CLANG_WARN_RANGE_LOOP_ANALYSIS = YES;
				CLANG_WARN_STRICT_PROTOTYPES = YES;
				CLANG_WARN_SUSPICIOUS_MOVE = YES;
				CLANG_WARN_UNGUARDED_AVAILABILITY = YES_AGGRESSIVE;
				CLANG_WARN_UNREACHABLE_CODE = YES;
				CLANG_WARN__DUPLICATE_METHOD_MATCH = YES;
				CODE_SIGN_IDENTITY = "iPhone Developer";
				COPY_PHASE_STRIP = NO;
				DEBUG_INFORMATION_FORMAT = "dwarf-with-dsym";
				ENABLE_NS_ASSERTIONS = NO;
				ENABLE_STRICT_OBJC_MSGSEND = YES;
				GCC_C_LANGUAGE_STANDARD = gnu11;
				GCC_NO_COMMON_BLOCKS = YES;
				GCC_WARN_64_TO_32_BIT_CONVERSION = YES;
				GCC_WARN_ABOUT_RETURN_TYPE = YES_ERROR;
				GCC_WARN_UNDECLARED_SELECTOR = YES;
				GCC_WARN_UNINITIALIZED_AUTOS = YES_AGGRESSIVE;
				GCC_WARN_UNUSED_FUNCTION = YES;
				GCC_WARN_UNUSED_VARIABLE = YES;
				IPHONEOS_DEPLOYMENT_TARGET = 11.2;
				MTL_ENABLE_DEBUG_INFO = NO;
				SDKROOT = iphoneos;
				SWIFT_OPTIMIZATION_LEVEL = "-Owholemodule";
				VALIDATE_PRODUCT = YES;
			};
			name = Release;
		};
		8A4FA2A92038B7AB0022B4BE /* Debug */ = {
			isa = XCBuildConfiguration;
			buildSettings = {
				ASSETCATALOG_COMPILER_APPICON_NAME = AppIcon;
				CODE_SIGN_STYLE = Automatic;
				DEVELOPMENT_TEAM = 4NYQ6YNPGA;
				INFOPLIST_FILE = AppSwoosh/Info.plist;
				LD_RUNPATH_SEARCH_PATHS = "$(inherited) @executable_path/Frameworks";
				PRODUCT_BUNDLE_IDENTIFIER = com.evolempirecreative.AppSwoosh;
				PRODUCT_NAME = "$(TARGET_NAME)";
				SWIFT_VERSION = 4.0;
				TARGETED_DEVICE_FAMILY = "1,2";
			};
			name = Debug;
		};
		8A4FA2AA2038B7AB0022B4BE /* Release */ = {
			isa = XCBuildConfiguration;
			buildSettings = {
				ASSETCATALOG_COMPILER_APPICON_NAME = AppIcon;
				CODE_SIGN_STYLE = Automatic;
				DEVELOPMENT_TEAM = 4NYQ6YNPGA;
				INFOPLIST_FILE = AppSwoosh/Info.plist;
				LD_RUNPATH_SEARCH_PATHS = "$(inherited) @executable_path/Frameworks";
				PRODUCT_BUNDLE_IDENTIFIER = com.evolempirecreative.AppSwoosh;
				PRODUCT_NAME = "$(TARGET_NAME)";
				SWIFT_VERSION = 4.0;
				TARGETED_DEVICE_FAMILY = "1,2";
			};
			name = Release;
		};
/* End XCBuildConfiguration section */

/* Begin XCConfigurationList section */
		8A4FA2912038B7AB0022B4BE /* Build configuration list for PBXProject "AppSwoosh" */ = {
			isa = XCConfigurationList;
			buildConfigurations = (
				8A4FA2A62038B7AB0022B4BE /* Debug */,
				8A4FA2A72038B7AB0022B4BE /* Release */,
			);
			defaultConfigurationIsVisible = 0;
			defaultConfigurationName = Release;
		};
		8A4FA2A82038B7AB0022B4BE /* Build configuration list for PBXNativeTarget "AppSwoosh" */ = {
			isa = XCConfigurationList;
			buildConfigurations = (
				8A4FA2A92038B7AB0022B4BE /* Debug */,
				8A4FA2AA2038B7AB0022B4BE /* Release */,
			);
			defaultConfigurationIsVisible = 0;
			defaultConfigurationName = Release;
		};
/* End XCConfigurationList section */
	};
	rootObject = 8A4FA28E2038B7AB0022B4BE /* Project object */;
}
